
Microsoft Visual Studio Solution File, Format Version 12.00
# Visual Studio 15
VisualStudioVersion = 15.0.27428.2043
MinimumVisualStudioVersion = 10.0.40219.1
Project("{FAE04EC0-301F-11D3-BF4B-00C04F79EFBC}") = "XceedDataGridDemo", "XceedDataGridDemo\XceedDataGridDemo.csproj", "{B102EB42-0418-4036-89AA-38542CD63913}"
EndProject
Global
	GlobalSection(SolutionConfigurationPlatforms) = preSolution
		Debug|Any CPU = Debug|Any CPU
		Release|Any CPU = Release|Any CPU
	EndGlobalSection
	GlobalSection(ProjectConfigurationPlatforms) = postSolution
		{B102EB42-0418-4036-89AA-38542CD63913}.Debug|Any CPU.ActiveCfg = Debug|Any CPU
		{B102EB42-0418-4036-89AA-38542CD63913}.Debug|Any CPU.Build.0 = Debug|Any CPU
		{B102EB42-0418-4036-89AA-38542CD63913}.Release|Any CPU.ActiveCfg = Release|Any CPU
		{B102EB42-0418-4036-89AA-38542CD63913}.Release|Any CPU.Build.0 = Release|Any CPU
	EndGlobalSection
	GlobalSection(SolutionProperties) = preSolution
		HideSolutionNode = FALSE
	EndGlobalSection
	GlobalSection(ExtensibilityGlobals) = postSolution
		SolutionGuid = {3B8CAE74-4967-442C-9549-2E380ECE93DC}
	EndGlobalSection
EndGlobal
