
Microsoft Visual Studio Solution File, Format Version 12.00
# Visual Studio 15
VisualStudioVersion = 15.0.28010.2048
MinimumVisualStudioVersion = 10.0.40219.1
Project("{FAE04EC0-301F-11D3-BF4B-00C04F79EFBC}") = "WpfWithOnlyXceed_DynamicColumns", "WpfWithOnlyXceed_DynamicColumns.csproj", "{54021A20-2425-4F62-9BD9-5D2C32B48A75}"
EndProject
Global
	GlobalSection(SolutionConfigurationPlatforms) = preSolution
		Debug|Any CPU = Debug|Any CPU
		Release|Any CPU = Release|Any CPU
	EndGlobalSection
	GlobalSection(ProjectConfigurationPlatforms) = postSolution
		{54021A20-2425-4F62-9BD9-5D2C32B48A75}.Debug|Any CPU.ActiveCfg = Debug|Any CPU
		{54021A20-2425-4F62-9BD9-5D2C32B48A75}.Debug|Any CPU.Build.0 = Debug|Any CPU
		{54021A20-2425-4F62-9BD9-5D2C32B48A75}.Release|Any CPU.ActiveCfg = Release|Any CPU
		{54021A20-2425-4F62-9BD9-5D2C32B48A75}.Release|Any CPU.Build.0 = Release|Any CPU
	EndGlobalSection
	GlobalSection(SolutionProperties) = preSolution
		HideSolutionNode = FALSE
	EndGlobalSection
	GlobalSection(ExtensibilityGlobals) = postSolution
		SolutionGuid = {61A82252-976F-4FD6-8F6B-5EFB3D82BA7E}
	EndGlobalSection
EndGlobal
